// !$*UTF8*$!
{
	archiveVersion = 1;
	classes = {
	};
	objectVersion = 46;
	objects = {

/* Begin PBXBuildFile section */
		45B608911938E17000A30A09 /* Foundation.framework in Frameworks */ = {isa = PBXBuildFile; fileRef = 45B608901938E17000A30A09 /* Foundation.framework */; };
		45B608931938E17000A30A09 /* CoreGraphics.framework in Frameworks */ = {isa = PBXBuildFile; fileRef = 45B608921938E17000A30A09 /* CoreGraphics.framework */; };
		45B608951938E17000A30A09 /* UIKit.framework in Frameworks */ = {isa = PBXBuildFile; fileRef = 45B608941938E17000A30A09 /* UIKit.framework */; };
		45B6089B1938E17000A30A09 /* InfoPlist.strings in Resources */ = {isa = PBXBuildFile; fileRef = 45B608991938E17000A30A09 /* InfoPlist.strings */; };
		45B6089D1938E17000A30A09 /* main.m in Sources */ = {isa = PBXBuildFile; fileRef = 45B6089C1938E17000A30A09 /* main.m */; };
		45B608A11938E17000A30A09 /* AppDelegate.m in Sources */ = {isa = PBXBuildFile; fileRef = 45B608A01938E17000A30A09 /* AppDelegate.m */; };
		45B608A41938E17000A30A09 /* Main.storyboard in Resources */ = {isa = PBXBuildFile; fileRef = 45B608A21938E17000A30A09 /* Main.storyboard */; };
		45B608A71938E17000A30A09 /* ViewController.m in Sources */ = {isa = PBXBuildFile; fileRef = 45B608A61938E17000A30A09 /* ViewController.m */; };
		45B608A91938E17000A30A09 /* Images.xcassets in Resources */ = {isa = PBXBuildFile; fileRef = 45B608A81938E17000A30A09 /* Images.xcassets */; };
		45B608B01938E17000A30A09 /* XCTest.framework in Frameworks */ = {isa = PBXBuildFile; fileRef = 45B608AF1938E17000A30A09 /* XCTest.framework */; };
		45B608B11938E17000A30A09 /* Foundation.framework in Frameworks */ = {isa = PBXBuildFile; fileRef = 45B608901938E17000A30A09 /* Foundation.framework */; };
		45B608B21938E17000A30A09 /* UIKit.framework in Frameworks */ = {isa = PBXBuildFile; fileRef = 45B608941938E17000A30A09 /* UIKit.framework */; };
		45B608BA1938E17000A30A09 /* InfoPlist.strings in Resources */ = {isa = PBXBuildFile; fileRef = 45B608B81938E17000A30A09 /* InfoPlist.strings */; };
		45B608BC1938E17000A30A09 /* NoAutoLayoutTests.m in Sources */ = {isa = PBXBuildFile; fileRef = 45B608BB1938E17000A30A09 /* NoAutoLayoutTests.m */; };
/* End PBXBuildFile section */

/* Begin PBXContainerItemProxy section */
		45B608B31938E17000A30A09 /* PBXContainerItemProxy */ = {
			isa = PBXContainerItemProxy;
			containerPortal = 45B608851938E17000A30A09 /* Project object */;
			proxyType = 1;
			remoteGlobalIDString = 45B6088C1938E17000A30A09;
			remoteInfo = NoAutoLayout;
		};
/* End PBXContainerItemProxy section */

/* Begin PBXFileReference section */
		45B6088D1938E17000A30A09 /* NoAutoLayout.app */ = {isa = PBXFileReference; explicitFileType = wrapper.application; includeInIndex = 0; path = NoAutoLayout.app; sourceTree = BUILT_PRODUCTS_DIR; };
		45B608901938E17000A30A09 /* Foundation.framework */ = {isa = PBXFileReference; lastKnownFileType = wrapper.framework; name = Foundation.framework; path = System/Library/Frameworks/Foundation.framework; sourceTree = SDKROOT; };
		45B608921938E17000A30A09 /* CoreGraphics.framework */ = {isa = PBXFileReference; lastKnownFileType = wrapper.framework; name = CoreGraphics.framework; path = System/Library/Frameworks/CoreGraphics.framework; sourceTree = SDKROOT; };
		45B608941938E17000A30A09 /* UIKit.framework */ = {isa = PBXFileReference; lastKnownFileType = wrapper.framework; name = UIKit.framework; path = System/Library/Frameworks/UIKit.framework; sourceTree = SDKROOT; };
		45B608981938E17000A30A09 /* NoAutoLayout-Info.plist */ = {isa = PBXFileReference; lastKnownFileType = text.plist.xml; path = "NoAutoLayout-Info.plist"; sourceTree = "<group>"; };
		45B6089A1938E17000A30A09 /* en */ = {isa = PBXFileReference; lastKnownFileType = text.plist.strings; name = en; path = en.lproj/InfoPlist.strings; sourceTree = "<group>"; };
		45B6089C1938E17000A30A09 /* main.m */ = {isa = PBXFileReference; lastKnownFileType = sourcecode.c.objc; path = main.m; sourceTree = "<group>"; };
		45B6089E1938E17000A30A09 /* NoAutoLayout-Prefix.pch */ = {isa = PBXFileReference; lastKnownFileType = sourcecode.c.h; path = "NoAutoLayout-Prefix.pch"; sourceTree = "<group>"; };
		45B6089F1938E17000A30A09 /* AppDelegate.h */ = {isa = PBXFileReference; lastKnownFileType = sourcecode.c.h; path = AppDelegate.h; sourceTree = "<group>"; };
		45B608A01938E17000A30A09 /* AppDelegate.m */ = {isa = PBXFileReference; lastKnownFileType = sourcecode.c.objc; path = AppDelegate.m; sourceTree = "<group>"; };
		45B608A31938E17000A30A09 /* Base */ = {isa = PBXFileReference; lastKnownFileType = file.storyboard; name = Base; path = Base.lproj/Main.storyboard; sourceTree = "<group>"; };
		45B608A51938E17000A30A09 /* ViewController.h */ = {isa = PBXFileReference; lastKnownFileType = sourcecode.c.h; path = ViewController.h; sourceTree = "<group>"; };
		45B608A61938E17000A30A09 /* ViewController.m */ = {isa = PBXFileReference; lastKnownFileType = sourcecode.c.objc; path = ViewController.m; sourceTree = "<group>"; };
		45B608A81938E17000A30A09 /* Images.xcassets */ = {isa = PBXFileReference; lastKnownFileType = folder.assetcatalog; path = Images.xcassets; sourceTree = "<group>"; };
		45B608AE1938E17000A30A09 /* NoAutoLayoutTests.xctest */ = {isa = PBXFileReference; explicitFileType = wrapper.cfbundle; includeInIndex = 0; path = NoAutoLayoutTests.xctest; sourceTree = BUILT_PRODUCTS_DIR; };
		45B608AF1938E17000A30A09 /* XCTest.framework */ = {isa = PBXFileReference; lastKnownFileType = wrapper.framework; name = XCTest.framework; path = Library/Frameworks/XCTest.framework; sourceTree = DEVELOPER_DIR; };
		45B608B71938E17000A30A09 /* NoAutoLayoutTests-Info.plist */ = {isa = PBXFileReference; lastKnownFileType = text.plist.xml; path = "NoAutoLayoutTests-Info.plist"; sourceTree = "<group>"; };
		45B608B91938E17000A30A09 /* en */ = {isa = PBXFileReference; lastKnownFileType = text.plist.strings; name = en; path = en.lproj/InfoPlist.strings; sourceTree = "<group>"; };
		45B608BB1938E17000A30A09 /* NoAutoLayoutTests.m */ = {isa = PBXFileReference; lastKnownFileType = sourcecode.c.objc; path = NoAutoLayoutTests.m; sourceTree = "<group>"; };
/* End PBXFileReference section */

/* Begin PBXFrameworksBuildPhase section */
		45B6088A1938E17000A30A09 /* Frameworks */ = {
			isa = PBXFrameworksBuildPhase;
			buildActionMask = 2147483647;
			files = (
				45B608931938E17000A30A09 /* CoreGraphics.framework in Frameworks */,
				45B608951938E17000A30A09 /* UIKit.framework in Frameworks */,
				45B608911938E17000A30A09 /* Foundation.framework in Frameworks */,
			);
			runOnlyForDeploymentPostprocessing = 0;
		};
		45B608AB1938E17000A30A09 /* Frameworks */ = {
			isa = PBXFrameworksBuildPhase;
			buildActionMask = 2147483647;
			files = (
				45B608B01938E17000A30A09 /* XCTest.framework in Frameworks */,
				45B608B21938E17000A30A09 /* UIKit.framework in Frameworks */,
				45B608B11938E17000A30A09 /* Foundation.framework in Frameworks */,
			);
			runOnlyForDeploymentPostprocessing = 0;
		};
/* End PBXFrameworksBuildPhase section */

/* Begin PBXGroup section */
		45B608841938E17000A30A09 = {
			isa = PBXGroup;
			children = (
				45B608961938E17000A30A09 /* NoAutoLayout */,
				45B608B51938E17000A30A09 /* NoAutoLayoutTests */,
				45B6088F1938E17000A30A09 /* Frameworks */,
				45B6088E1938E17000A30A09 /* Products */,
			);
			sourceTree = "<group>";
		};
		45B6088E1938E17000A30A09 /* Products */ = {
			isa = PBXGroup;
			children = (
				45B6088D1938E17000A30A09 /* NoAutoLayout.app */,
				45B608AE1938E17000A30A09 /* NoAutoLayoutTests.xctest */,
			);
			name = Products;
			sourceTree = "<group>";
		};
		45B6088F1938E17000A30A09 /* Frameworks */ = {
			isa = PBXGroup;
			children = (
				45B608901938E17000A30A09 /* Foundation.framework */,
				45B608921938E17000A30A09 /* CoreGraphics.framework */,
				45B608941938E17000A30A09 /* UIKit.framework */,
				45B608AF1938E17000A30A09 /* XCTest.framework */,
			);
			name = Frameworks;
			sourceTree = "<group>";
		};
		45B608961938E17000A30A09 /* NoAutoLayout */ = {
			isa = PBXGroup;
			children = (
				45B6089F1938E17000A30A09 /* AppDelegate.h */,
				45B608A01938E17000A30A09 /* AppDelegate.m */,
				45B608A21938E17000A30A09 /* Main.storyboard */,
				45B608A51938E17000A30A09 /* ViewController.h */,
				45B608A61938E17000A30A09 /* ViewController.m */,
				45B608A81938E17000A30A09 /* Images.xcassets */,
				45B608971938E17000A30A09 /* Supporting Files */,
			);
			path = NoAutoLayout;
			sourceTree = "<group>";
		};
		45B608971938E17000A30A09 /* Supporting Files */ = {
			isa = PBXGroup;
			children = (
				45B608981938E17000A30A09 /* NoAutoLayout-Info.plist */,
				45B608991938E17000A30A09 /* InfoPlist.strings */,
				45B6089C1938E17000A30A09 /* main.m */,
				45B6089E1938E17000A30A09 /* NoAutoLayout-Prefix.pch */,
			);
			name = "Supporting Files";
			sourceTree = "<group>";
		};
		45B608B51938E17000A30A09 /* NoAutoLayoutTests */ = {
			isa = PBXGroup;
			children = (
				45B608BB1938E17000A30A09 /* NoAutoLayoutTests.m */,
				45B608B61938E17000A30A09 /* Supporting Files */,
			);
			path = NoAutoLayoutTests;
			sourceTree = "<group>";
		};
		45B608B61938E17000A30A09 /* Supporting Files */ = {
			isa = PBXGroup;
			children = (
				45B608B71938E17000A30A09 /* NoAutoLayoutTests-Info.plist */,
				45B608B81938E17000A30A09 /* InfoPlist.strings */,
			);
			name = "Supporting Files";
			sourceTree = "<group>";
		};
/* End PBXGroup section */

/* Begin PBXNativeTarget section */
		45B6088C1938E17000A30A09 /* NoAutoLayout */ = {
			isa = PBXNativeTarget;
			buildConfigurationList = 45B608BF1938E17000A30A09 /* Build configuration list for PBXNativeTarget "NoAutoLayout" */;
			buildPhases = (
				45B608891938E17000A30A09 /* Sources */,
				45B6088A1938E17000A30A09 /* Frameworks */,
				45B6088B1938E17000A30A09 /* Resources */,
			);
			buildRules = (
			);
			dependencies = (
			);
			name = NoAutoLayout;
			productName = NoAutoLayout;
			productReference = 45B6088D1938E17000A30A09 /* NoAutoLayout.app */;
			productType = "com.apple.product-type.application";
		};
		45B608AD1938E17000A30A09 /* NoAutoLayoutTests */ = {
			isa = PBXNativeTarget;
			buildConfigurationList = 45B608C21938E17000A30A09 /* Build configuration list for PBXNativeTarget "NoAutoLayoutTests" */;
			buildPhases = (
				45B608AA1938E17000A30A09 /* Sources */,
				45B608AB1938E17000A30A09 /* Frameworks */,
				45B608AC1938E17000A30A09 /* Resources */,
			);
			buildRules = (
			);
			dependencies = (
				45B608B41938E17000A30A09 /* PBXTargetDependency */,
			);
			name = NoAutoLayoutTests;
			productName = NoAutoLayoutTests;
			productReference = 45B608AE1938E17000A30A09 /* NoAutoLayoutTests.xctest */;
			productType = "com.apple.product-type.bundle.unit-test";
		};
/* End PBXNativeTarget section */

/* Begin PBXProject section */
		45B608851938E17000A30A09 /* Project object */ = {
			isa = PBXProject;
			attributes = {
				LastUpgradeCheck = 0510;
				ORGANIZATIONNAME = "Orten, Thomas";
				TargetAttributes = {
					45B608AD1938E17000A30A09 = {
						TestTargetID = 45B6088C1938E17000A30A09;
					};
				};
			};
			buildConfigurationList = 45B608881938E17000A30A09 /* Build configuration list for PBXProject "NoAutoLayout" */;
			compatibilityVersion = "Xcode 3.2";
			developmentRegion = English;
			hasScannedForEncodings = 0;
			knownRegions = (
				en,
				Base,
			);
			mainGroup = 45B608841938E17000A30A09;
			productRefGroup = 45B6088E1938E17000A30A09 /* Products */;
			projectDirPath = "";
			projectRoot = "";
			targets = (
				45B6088C1938E17000A30A09 /* NoAutoLayout */,
				45B608AD1938E17000A30A09 /* NoAutoLayoutTests */,
			);
		};
/* End PBXProject section */

/* Begin PBXResourcesBuildPhase section */
		45B6088B1938E17000A30A09 /* Resources */ = {
			isa = PBXResourcesBuildPhase;
			buildActionMask = 2147483647;
			files = (
				45B608A91938E17000A30A09 /* Images.xcassets in Resources */,
				45B6089B1938E17000A30A09 /* InfoPlist.strings in Resources */,
				45B608A41938E17000A30A09 /* Main.storyboard in Resources */,
			);
			runOnlyForDeploymentPostprocessing = 0;
		};
		45B608AC1938E17000A30A09 /* Resources */ = {
			isa = PBXResourcesBuildPhase;
			buildActionMask = 2147483647;
			files = (
				45B608BA1938E17000A30A09 /* InfoPlist.strings in Resources */,
			);
			runOnlyForDeploymentPostprocessing = 0;
		};
/* End PBXResourcesBuildPhase section */

/* Begin PBXSourcesBuildPhase section */
		45B608891938E17000A30A09 /* Sources */ = {
			isa = PBXSourcesBuildPhase;
			buildActionMask = 2147483647;
			files = (
				45B608A71938E17000A30A09 /* ViewController.m in Sources */,
				45B608A11938E17000A30A09 /* AppDelegate.m in Sources */,
				45B6089D1938E17000A30A09 /* main.m in Sources */,
			);
			runOnlyForDeploymentPostprocessing = 0;
		};
		45B608AA1938E17000A30A09 /* Sources */ = {
			isa = PBXSourcesBuildPhase;
			buildActionMask = 2147483647;
			files = (
				45B608BC1938E17000A30A09 /* NoAutoLayoutTests.m in Sources */,
			);
			runOnlyForDeploymentPostprocessing = 0;
		};
/* End PBXSourcesBuildPhase section */

/* Begin PBXTargetDependency section */
		45B608B41938E17000A30A09 /* PBXTargetDependency */ = {
			isa = PBXTargetDependency;
			target = 45B6088C1938E17000A30A09 /* NoAutoLayout */;
			targetProxy = 45B608B31938E17000A30A09 /* PBXContainerItemProxy */;
		};
/* End PBXTargetDependency section */

/* Begin PBXVariantGroup section */
		45B608991938E17000A30A09 /* InfoPlist.strings */ = {
			isa = PBXVariantGroup;
			children = (
				45B6089A1938E17000A30A09 /* en */,
			);
			name = InfoPlist.strings;
			sourceTree = "<group>";
		};
		45B608A21938E17000A30A09 /* Main.storyboard */ = {
			isa = PBXVariantGroup;
			children = (
				45B608A31938E17000A30A09 /* Base */,
			);
			name = Main.storyboard;
			sourceTree = "<group>";
		};
		45B608B81938E17000A30A09 /* InfoPlist.strings */ = {
			isa = PBXVariantGroup;
			children = (
				45B608B91938E17000A30A09 /* en */,
			);
			name = InfoPlist.strings;
			sourceTree = "<group>";
		};
/* End PBXVariantGroup section */

/* Begin XCBuildConfiguration section */
		45B608BD1938E17000A30A09 /* Debug */ = {
			isa = XCBuildConfiguration;
			buildSettings = {
				ALWAYS_SEARCH_USER_PATHS = NO;
				CLANG_CXX_LANGUAGE_STANDARD = "gnu++0x";
				CLANG_CXX_LIBRARY = "libc++";
				CLANG_ENABLE_MODULES = YES;
				CLANG_ENABLE_OBJC_ARC = YES;
				CLANG_WARN_BOOL_CONVERSION = YES;
				CLANG_WARN_CONSTANT_CONVERSION = YES;
				CLANG_WARN_DIRECT_OBJC_ISA_USAGE = YES_ERROR;
				CLANG_WARN_EMPTY_BODY = YES;
				CLANG_WARN_ENUM_CONVERSION = YES;
				CLANG_WARN_INT_CONVERSION = YES;
				CLANG_WARN_OBJC_ROOT_CLASS = YES_ERROR;
				CLANG_WARN__DUPLICATE_METHOD_MATCH = YES;
				"CODE_SIGN_IDENTITY[sdk=iphoneos*]" = "iPhone Developer";
				COPY_PHASE_STRIP = NO;
				GCC_C_LANGUAGE_STANDARD = gnu99;
				GCC_DYNAMIC_NO_PIC = NO;
				GCC_OPTIMIZATION_LEVEL = 0;
				GCC_PREPROCESSOR_DEFINITIONS = (
					"DEBUG=1",
					"$(inherited)",
				);
				GCC_SYMBOLS_PRIVATE_EXTERN = NO;
				GCC_WARN_64_TO_32_BIT_CONVERSION = YES;
				GCC_WARN_ABOUT_RETURN_TYPE = YES_ERROR;
				GCC_WARN_UNDECLARED_SELECTOR = YES;
				GCC_WARN_UNINITIALIZED_AUTOS = YES_AGGRESSIVE;
				GCC_WARN_UNUSED_FUNCTION = YES;
				GCC_WARN_UNUSED_VARIABLE = YES;
				IPHONEOS_DEPLOYMENT_TARGET = 7.1;
				ONLY_ACTIVE_ARCH = YES;
				SDKROOT = iphoneos;
			};
			name = Debug;
		};
		45B608BE1938E17000A30A09 /* Release */ = {
			isa = XCBuildConfiguration;
			buildSettings = {
				ALWAYS_SEARCH_USER_PATHS = NO;
				CLANG_CXX_LANGUAGE_STANDARD = "gnu++0x";
				CLANG_CXX_LIBRARY = "libc++";
				CLANG_ENABLE_MODULES = YES;
				CLANG_ENABLE_OBJC_ARC = YES;
				CLANG_WARN_BOOL_CONVERSION = YES;
				CLANG_WARN_CONSTANT_CONVERSION = YES;
				CLANG_WARN_DIRECT_OBJC_ISA_USAGE = YES_ERROR;
				CLANG_WARN_EMPTY_BODY = YES;
				CLANG_WARN_ENUM_CONVERSION = YES;
				CLANG_WARN_INT_CONVERSION = YES;
				CLANG_WARN_OBJC_ROOT_CLASS = YES_ERROR;
				CLANG_WARN__DUPLICATE_METHOD_MATCH = YES;
				"CODE_SIGN_IDENTITY[sdk=iphoneos*]" = "iPhone Developer";
				COPY_PHASE_STRIP = YES;
				ENABLE_NS_ASSERTIONS = NO;
				GCC_C_LANGUAGE_STANDARD = gnu99;
				GCC_WARN_64_TO_32_BIT_CONVERSION = YES;
				GCC_WARN_ABOUT_RETURN_TYPE = YES_ERROR;
				GCC_WARN_UNDECLARED_SELECTOR = YES;
				GCC_WARN_UNINITIALIZED_AUTOS = YES_AGGRESSIVE;
				GCC_WARN_UNUSED_FUNCTION = YES;
				GCC_WARN_UNUSED_VARIABLE = YES;
				IPHONEOS_DEPLOYMENT_TARGET = 7.1;
				SDKROOT = iphoneos;
				VALIDATE_PRODUCT = YES;
			};
			name = Release;
		};
		45B608C01938E17000A30A09 /* Debug */ = {
			isa = XCBuildConfiguration;
			buildSettings = {
				ASSETCATALOG_COMPILER_APPICON_NAME = AppIcon;
				ASSETCATALOG_COMPILER_LAUNCHIMAGE_NAME = LaunchImage;
				GCC_PRECOMPILE_PREFIX_HEADER = YES;
				GCC_PREFIX_HEADER = "NoAutoLayout/NoAutoLayout-Prefix.pch";
				INFOPLIST_FILE = "NoAutoLayout/NoAutoLayout-Info.plist";
				PRODUCT_NAME = "$(TARGET_NAME)";
				WRAPPER_EXTENSION = app;
			};
			name = Debug;
		};
		45B608C11938E17000A30A09 /* Release */ = {
			isa = XCBuildConfiguration;
			buildSettings = {
				ASSETCATALOG_COMPILER_APPICON_NAME = AppIcon;
				ASSETCATALOG_COMPILER_LAUNCHIMAGE_NAME = LaunchImage;
				GCC_PRECOMPILE_PREFIX_HEADER = YES;
				GCC_PREFIX_HEADER = "NoAutoLayout/NoAutoLayout-Prefix.pch";
				INFOPLIST_FILE = "NoAutoLayout/NoAutoLayout-Info.plist";
				PRODUCT_NAME = "$(TARGET_NAME)";
				WRAPPER_EXTENSION = app;
			};
			name = Release;
		};
		45B608C31938E17000A30A09 /* Debug */ = {
			isa = XCBuildConfiguration;
			buildSettings = {
				BUNDLE_LOADER = "$(BUILT_PRODUCTS_DIR)/NoAutoLayout.app/NoAutoLayout";
				FRAMEWORK_SEARCH_PATHS = (
					"$(SDKROOT)/Developer/Library/Frameworks",
					"$(inherited)",
					"$(DEVELOPER_FRAMEWORKS_DIR)",
				);
				GCC_PRECOMPILE_PREFIX_HEADER = YES;
				GCC_PREFIX_HEADER = "NoAutoLayout/NoAutoLayout-Prefix.pch";
				GCC_PREPROCESSOR_DEFINITIONS = (
					"DEBUG=1",
					"$(inherited)",
				);
				INFOPLIST_FILE = "NoAutoLayoutTests/NoAutoLayoutTests-Info.plist";
				PRODUCT_NAME = "$(TARGET_NAME)";
				TEST_HOST = "$(BUNDLE_LOADER)";
				WRAPPER_EXTENSION = xctest;
			};
			name = Debug;
		};
		45B608C41938E17000A30A09 /* Release */ = {
			isa = XCBuildConfiguration;
			buildSettings = {
				BUNDLE_LOADER = "$(BUILT_PRODUCTS_DIR)/NoAutoLayout.app/NoAutoLayout";
				FRAMEWORK_SEARCH_PATHS = (
					"$(SDKROOT)/Developer/Library/Frameworks",
					"$(inherited)",
					"$(DEVELOPER_FRAMEWORKS_DIR)",
				);
				GCC_PRECOMPILE_PREFIX_HEADER = YES;
				GCC_PREFIX_HEADER = "NoAutoLayout/NoAutoLayout-Prefix.pch";
				INFOPLIST_FILE = "NoAutoLayoutTests/NoAutoLayoutTests-Info.plist";
				PRODUCT_NAME = "$(TARGET_NAME)";
				TEST_HOST = "$(BUNDLE_LOADER)";
				WRAPPER_EXTENSION = xctest;
			};
			name = Release;
		};
/* End XCBuildConfiguration section */

/* Begin XCConfigurationList section */
		45B608881938E17000A30A09 /* Build configuration list for PBXProject "NoAutoLayout" */ = {
			isa = XCConfigurationList;
			buildConfigurations = (
				45B608BD1938E17000A30A09 /* Debug */,
				45B608BE1938E17000A30A09 /* Release */,
			);
			defaultConfigurationIsVisible = 0;
			defaultConfigurationName = Release;
		};
		45B608BF1938E17000A30A09 /* Build configuration list for PBXNativeTarget "NoAutoLayout" */ = {
			isa = XCConfigurationList;
			buildConfigurations = (
				45B608C01938E17000A30A09 /* Debug */,
				45B608C11938E17000A30A09 /* Release */,
			);
			defaultConfigurationIsVisible = 0;
		};
		45B608C21938E17000A30A09 /* Build configuration list for PBXNativeTarget "NoAutoLayoutTests" */ = {
			isa = XCConfigurationList;
			buildConfigurations = (
				45B608C31938E17000A30A09 /* Debug */,
				45B608C41938E17000A30A09 /* Release */,
			);
			defaultConfigurationIsVisible = 0;
		};
/* End XCConfigurationList section */
	};
	rootObject = 45B608851938E17000A30A09 /* Project object */;
}
